
Microsoft Visual Studio Solution File, Format Version 12.00
# Visual Studio Version 17
VisualStudioVersion = 17.0.31903.59
MinimumVisualStudioVersion = 10.0.40219.1
Project("{2150E333-8FDC-42A3-9474-1A3956D46DE8}") = "src", "src", "{6664381F-6135-49A8-970A-80BABBB0DDC3}"
EndProject
Project("{2150E333-8FDC-42A3-9474-1A3956D46DE8}") = "Engine", "Engine", "{A2F5CC80-BD70-48C5-A894-38CB4BDC2E41}"
EndProject
Project("{FAE04EC0-301F-11D3-BF4B-00C04F79EFBC}") = "Platform.Engine.Abstractions", "src\Engine\Platform.Engine.Abstractions\Platform.Engine.Abstractions.csproj", "{F1F5DAAA-398A-490C-93E7-EB8C942F3D0D}"
EndProject
Project("{FAE04EC0-301F-11D3-BF4B-00C04F79EFBC}") = "Platform.Engine.Compilation", "src\Engine\Platform.Engine.Compilation\Platform.Engine.Compilation.csproj", "{97946A59-4E49-426A-AB67-A23C76871C45}"
EndProject
Project("{FAE04EC0-301F-11D3-BF4B-00C04F79EFBC}") = "Platform.Engine.Orchestration", "src\Engine\Platform.Engine.Orchestration\Platform.Engine.Orchestration.csproj", "{E665B197-12F5-4473-98CF-765D045BF2D1}"
EndProject
Project("{2150E333-8FDC-42A3-9474-1A3956D46DE8}") = "Sdk", "Sdk", "{BA96BEAD-E2D6-4A16-85E8-463BC3764C50}"
EndProject
Project("{FAE04EC0-301F-11D3-BF4B-00C04F79EFBC}") = "Platform.Sdk", "src\Sdk\Platform.Sdk\Platform.Sdk.csproj", "{D71B7143-230F-4347-8A33-4C0572E7782E}"
EndProject
Project("{FAE04EC0-301F-11D3-BF4B-00C04F79EFBC}") = "Platform.Sdk.Testing", "src\Sdk\Platform.Sdk.Testing\Platform.Sdk.Testing.csproj", "{F8388158-730E-4220-91CF-CF6C017A31F9}"
EndProject
Project("{2150E333-8FDC-42A3-9474-1A3956D46DE8}") = "Providers", "Providers", "{F0ACCEDC-5989-47E1-9776-643BED479B97}"
EndProject
Project("{2150E333-8FDC-42A3-9474-1A3956D46DE8}") = "Core", "Core", "{DAE7D803-ED65-4551-A2A5-109B76F2D0C8}"
EndProject
Project("{FAE04EC0-301F-11D3-BF4B-00C04F79EFBC}") = "Platform.Steps.Core.HttpRest", "src\Providers\Core\Platform.Steps.Core.HttpRest\Platform.Steps.Core.HttpRest.csproj", "{C9C2CD82-B6EE-434A-AE4D-84B25EF7B66F}"
EndProject
Project("{2150E333-8FDC-42A3-9474-1A3956D46DE8}") = "tests", "tests", "{2BD298DA-BBC8-46C3-AE1B-A460B5886CF4}"
EndProject
Project("{FAE04EC0-301F-11D3-BF4B-00C04F79EFBC}") = "Platform.Engine.Abstractions.Tests", "tests\Platform.Engine.Abstractions.Tests\Platform.Engine.Abstractions.Tests.csproj", "{BDD47FBA-EB56-4B41-A80D-08E561469B32}"
EndProject
Project("{FAE04EC0-301F-11D3-BF4B-00C04F79EFBC}") = "Platform.Engine.Compilation.Tests", "tests\Platform.Engine.Compilation.Tests\Platform.Engine.Compilation.Tests.csproj", "{19491357-9BAE-4023-BC50-382D79C46DE1}"
EndProject
Project("{FAE04EC0-301F-11D3-BF4B-00C04F79EFBC}") = "Platform.Engine.Compilation.MemoryHarness", "tests\Platform.Engine.Compilation.MemoryHarness\Platform.Engine.Compilation.MemoryHarness.csproj", "{B0C9C9D2-0EF3-41E4-B670-71F32658BA14}"
EndProject
Project("{FAE04EC0-301F-11D3-BF4B-00C04F79EFBC}") = "Platform.Engine.Orchestration.Tests", "tests\Platform.Engine.Orchestration.Tests\Platform.Engine.Orchestration.Tests.csproj", "{306CF0EF-87D7-45A8-BED8-D361F07D45A3}"
EndProject
Project("{FAE04EC0-301F-11D3-BF4B-00C04F79EFBC}") = "Platform.Sdk.Tests", "tests\Platform.Sdk.Tests\Platform.Sdk.Tests.csproj", "{FA6C952C-5566-4627-9855-4F57AF9E37DE}"
EndProject
Project("{FAE04EC0-301F-11D3-BF4B-00C04F79EFBC}") = "Platform.Engine.Reporting", "src\Engine\Platform.Engine.Reporting\Platform.Engine.Reporting.csproj", "{49EC8A70-2985-4B00-B9F4-8868A69F82BD}"
EndProject
Project("{FAE04EC0-301F-11D3-BF4B-00C04F79EFBC}") = "Platform.Engine.Reporting.Tests", "tests\Platform.Engine.Reporting.Tests\Platform.Engine.Reporting.Tests.csproj", "{6175A057-1099-40B7-BEAB-5221D7E9ABD9}"
EndProject
Project("{FAE04EC0-301F-11D3-BF4B-00C04F79EFBC}") = "Platform.Engine.Authoring", "src\Engine\Platform.Engine.Authoring\Platform.Engine.Authoring.csproj", "{66603AA1-D104-4EB2-841A-DABE1FC018FB}"
EndProject
Project("{FAE04EC0-301F-11D3-BF4B-00C04F79EFBC}") = "Platform.Engine.Authoring.Tests", "tests\Platform.Engine.Authoring.Tests\Platform.Engine.Authoring.Tests.csproj", "{9724E20A-1741-4FF6-BFD1-73CB45DF9704}"
EndProject
Project("{FAE04EC0-301F-11D3-BF4B-00C04F79EFBC}") = "Platform.Engine.Runtime", "src\Engine\Platform.Engine.Runtime\Platform.Engine.Runtime.csproj", "{A3B7C91D-5F2E-4A8B-B3D6-E4F5A6B7C8D9}"
EndProject
Project("{FAE04EC0-301F-11D3-BF4B-00C04F79EFBC}") = "Platform.Engine.Runtime.Tests", "tests\Platform.Engine.Runtime.Tests\Platform.Engine.Runtime.Tests.csproj", "{B4C8D02E-6A3F-5B9C-C4E7-F5A6B7C8D9E0}"
EndProject
Project("{FAE04EC0-301F-11D3-BF4B-00C04F79EFBC}") = "Platform.Steps.DbAssert.Postgres", "src\Providers\Core\Platform.Steps.DbAssert.Postgres\Platform.Steps.DbAssert.Postgres.csproj", "{B4B02DC7-E831-4BAF-B38B-50389FF6B1F4}"
EndProject
Project("{FAE04EC0-301F-11D3-BF4B-00C04F79EFBC}") = "Platform.Steps.DbAssert.Postgres.Tests", "tests\Platform.Steps.DbAssert.Postgres.Tests\Platform.Steps.DbAssert.Postgres.Tests.csproj", "{B005AE7D-CC19-40FD-A3E1-5C38A69C1ACF}"
EndProject
Project("{FAE04EC0-301F-11D3-BF4B-00C04F79EFBC}") = "Platform.Steps.DbAssert.SqlServer", "src\Providers\Core\Platform.Steps.DbAssert.SqlServer\Platform.Steps.DbAssert.SqlServer.csproj", "{5AB3DC21-9F8E-4C07-A6B2-3D4E5F607182}"
EndProject
Project("{FAE04EC0-301F-11D3-BF4B-00C04F79EFBC}") = "Platform.Steps.DbAssert.SqlServer.Tests", "tests\Platform.Steps.DbAssert.SqlServer.Tests\Platform.Steps.DbAssert.SqlServer.Tests.csproj", "{6BC4ED32-0A9F-5D18-B7C3-4E5F60718293}"
EndProject
Project("{FAE04EC0-301F-11D3-BF4B-00C04F79EFBC}") = "Platform.Steps.DbAssert.Mongodb", "src\Providers\Core\Platform.Steps.DbAssert.Mongodb\Platform.Steps.DbAssert.Mongodb.csproj", "{7CD5ED43-0A9B-4C1D-8E2F-3A4B5C6D7E8F}"
EndProject
Project("{FAE04EC0-301F-11D3-BF4B-00C04F79EFBC}") = "Platform.Steps.DbAssert.Mongodb.Tests", "tests\Platform.Steps.DbAssert.Mongodb.Tests\Platform.Steps.DbAssert.Mongodb.Tests.csproj", "{8DE6FE54-1BAC-5D2E-9F30-4B5C6D7E8F90}"
EndProject
Project("{FAE04EC0-301F-11D3-BF4B-00C04F79EFBC}") = "Platform.Steps.DbAssert.Mysql", "src\Providers\Core\Platform.Steps.DbAssert.Mysql\Platform.Steps.DbAssert.Mysql.csproj", "{9EF70065-2CBD-6E3F-AF41-5C6D7E8F9001}"
EndProject
Project("{FAE04EC0-301F-11D3-BF4B-00C04F79EFBC}") = "Platform.Steps.DbAssert.Mysql.Tests", "tests\Platform.Steps.DbAssert.Mysql.Tests\Platform.Steps.DbAssert.Mysql.Tests.csproj", "{AF080076-3DCE-7F40-BE52-6D7E8F900112}"
EndProject
Project("{FAE04EC0-301F-11D3-BF4B-00C04F79EFBC}") = "Platform.Steps.Script.Csharp", "src\Providers\Core\Platform.Steps.Script.Csharp\Platform.Steps.Script.Csharp.csproj", "{C1D2E3F4-A5B6-7890-ABCD-EF1234567890}"
EndProject
Project("{FAE04EC0-301F-11D3-BF4B-00C04F79EFBC}") = "Platform.Steps.Script.Csharp.Tests", "tests\Platform.Steps.Script.Csharp.Tests\Platform.Steps.Script.Csharp.Tests.csproj", "{D2E3F4A5-B6C7-8901-BCDE-F12345678901}"
EndProject
Project("{FAE04EC0-301F-11D3-BF4B-00C04F79EFBC}") = "Platform.Steps.MqPublish.Kafka", "src\Providers\Core\Platform.Steps.MqPublish.Kafka\Platform.Steps.MqPublish.Kafka.csproj", "{757A858B-E1A2-43C5-BD86-4C796771B51F}"
EndProject
Project("{FAE04EC0-301F-11D3-BF4B-00C04F79EFBC}") = "Platform.Steps.MqPublish.Kafka.Tests", "tests\Platform.Steps.MqPublish.Kafka.Tests\Platform.Steps.MqPublish.Kafka.Tests.csproj", "{C9A7E0B7-F01E-48CE-AE58-CD63386184C4}"
EndProject
Project("{FAE04EC0-301F-11D3-BF4B-00C04F79EFBC}") = "Platform.Steps.MqExpect.Kafka", "src\Providers\Core\Platform.Steps.MqExpect.Kafka\Platform.Steps.MqExpect.Kafka.csproj", "{04486CE0-D91F-444C-A81B-D8688FF3210F}"
EndProject
Project("{FAE04EC0-301F-11D3-BF4B-00C04F79EFBC}") = "Platform.Steps.MqExpect.Kafka.Tests", "tests\Platform.Steps.MqExpect.Kafka.Tests\Platform.Steps.MqExpect.Kafka.Tests.csproj", "{294BD427-85F8-4A46-B370-69AAEF314B21}"
EndProject
Project("{2150E333-8FDC-42A3-9474-1A3956D46DE8}") = "Cli", "Cli", "{C472369A-093E-4037-8181-9C07F0172859}"
EndProject
Project("{FAE04EC0-301F-11D3-BF4B-00C04F79EFBC}") = "Vouchfx.Cli", "src\Cli\Vouchfx.Cli\Vouchfx.Cli.csproj", "{84E83A36-AB8A-4C7D-BD66-6BA6E72A6A9D}"
EndProject
Project("{FAE04EC0-301F-11D3-BF4B-00C04F79EFBC}") = "Vouchfx.Cli.Tests", "tests\Vouchfx.Cli.Tests\Vouchfx.Cli.Tests.csproj", "{90177E23-4365-47B7-8DE3-D3E98A2DAF63}"
EndProject
Project("{FAE04EC0-301F-11D3-BF4B-00C04F79EFBC}") = "Platform.Steps.WebhookListen.Http", "src\Providers\Core\Platform.Steps.WebhookListen.Http\Platform.Steps.WebhookListen.Http.csproj", "{E3C8205E-9334-4DFC-833A-61F61880CB8E}"
EndProject
Project("{FAE04EC0-301F-11D3-BF4B-00C04F79EFBC}") = "Platform.Steps.WebhookListen.Http.Tests", "tests\Platform.Steps.WebhookListen.Http.Tests\Platform.Steps.WebhookListen.Http.Tests.csproj", "{FE2FC1A0-35CC-4FC4-8750-4F2D671E987B}"
EndProject
Project("{2150E333-8FDC-42A3-9474-1A3956D46DE8}") = "examples", "examples", "{A33A111D-22DB-4917-AA4E-7FBDBAC021EB}"
EndProject
Project("{FAE04EC0-301F-11D3-BF4B-00C04F79EFBC}") = "Example.Steps.Hello", "examples\Example.Steps.Hello\Example.Steps.Hello.csproj", "{F0B5780E-0437-4CBF-98D6-AE18CB41675C}"
EndProject
Project("{FAE04EC0-301F-11D3-BF4B-00C04F79EFBC}") = "Example.Steps.Hello.Tests", "examples\Example.Steps.Hello.Tests\Example.Steps.Hello.Tests.csproj", "{FCADEAA3-B1F9-41CC-AC24-914F2A207129}"
EndProject
Project("{FAE04EC0-301F-11D3-BF4B-00C04F79EFBC}") = "Platform.Sdk.Testing.Tests", "tests\Platform.Sdk.Testing.Tests\Platform.Sdk.Testing.Tests.csproj", "{D0B84857-3E54-4FEE-8797-7EB0CE0EBDC4}"
EndProject
Project("{FAE04EC0-301F-11D3-BF4B-00C04F79EFBC}") = "Platform.TestSupport", "tests\Platform.TestSupport\Platform.TestSupport.csproj", "{249984A6-414A-4F03-8BC5-34E32801849B}"
EndProject
Project("{FAE04EC0-301F-11D3-BF4B-00C04F79EFBC}") = "Example.Steps.Echo", "examples\Example.Steps.Echo\Example.Steps.Echo.csproj", "{3D400F8F-2A86-445C-BFF2-0E150FC59701}"
EndProject
Project("{FAE04EC0-301F-11D3-BF4B-00C04F79EFBC}") = "Example.Steps.Echo.Tests", "examples\Example.Steps.Echo.Tests\Example.Steps.Echo.Tests.csproj", "{7067AB60-FC02-4B97-A402-360CD31076EE}"
EndProject
Project("{2150E333-8FDC-42A3-9474-1A3956D46DE8}") = "Engine", "Engine", "{80C9DFB9-728F-4DE2-99FC-E0BFF6AF605B}"
EndProject
Project("{FAE04EC0-301F-11D3-BF4B-00C04F79EFBC}") = "Platform.Engine.Telemetry", "src\Engine\Platform.Engine.Telemetry\Platform.Engine.Telemetry.csproj", "{0B236038-6263-4D07-AC1B-4EFAEF14C0BC}"
EndProject
Project("{FAE04EC0-301F-11D3-BF4B-00C04F79EFBC}") = "Platform.Engine.Telemetry.Tests", "tests\Platform.Engine.Telemetry.Tests\Platform.Engine.Telemetry.Tests.csproj", "{776F9151-587A-4429-863E-0AB54DD27568}"
EndProject
Project("{FAE04EC0-301F-11D3-BF4B-00C04F79EFBC}") = "Platform.Steps.MailExpect.Smtp", "src\Providers\Core\Platform.Steps.MailExpect.Smtp\Platform.Steps.MailExpect.Smtp.csproj", "{CE26EA83-B389-4654-A14E-422F9794BFE8}"
EndProject
Project("{FAE04EC0-301F-11D3-BF4B-00C04F79EFBC}") = "Platform.Steps.MailExpect.Smtp.Tests", "tests\Platform.Steps.MailExpect.Smtp.Tests\Platform.Steps.MailExpect.Smtp.Tests.csproj", "{1F4B7ED9-993E-4209-A69F-7A31ADC904A2}"
EndProject
Project("{FAE04EC0-301F-11D3-BF4B-00C04F79EFBC}") = "Platform.Steps.CacheAssert.Redis", "src\Providers\Core\Platform.Steps.CacheAssert.Redis\Platform.Steps.CacheAssert.Redis.csproj", "{03899BE0-2033-439F-84B7-1A4F847706AE}"
EndProject
Project("{FAE04EC0-301F-11D3-BF4B-00C04F79EFBC}") = "Platform.Steps.CacheAssert.Redis.Tests", "tests\Platform.Steps.CacheAssert.Redis.Tests\Platform.Steps.CacheAssert.Redis.Tests.csproj", "{55DE7E67-9FA0-4258-A210-989299673440}"
EndProject
Project("{FAE04EC0-301F-11D3-BF4B-00C04F79EFBC}") = "Platform.Steps.CacheAssert.Elasticsearch", "src\Providers\Core\Platform.Steps.CacheAssert.Elasticsearch\Platform.Steps.CacheAssert.Elasticsearch.csproj", "{A4B5C6D7-E8F9-0A1B-C2D3-E4F567890A1B}"
EndProject
Project("{FAE04EC0-301F-11D3-BF4B-00C04F79EFBC}") = "Platform.Steps.CacheAssert.Elasticsearch.Tests", "tests\Platform.Steps.CacheAssert.Elasticsearch.Tests\Platform.Steps.CacheAssert.Elasticsearch.Tests.csproj", "{B5C6D7E8-F9A0-1B2C-D3E4-F5A678901B2C}"
EndProject
Project("{FAE04EC0-301F-11D3-BF4B-00C04F79EFBC}") = "Platform.Steps.MqPublish.Rabbitmq", "src\Providers\Core\Platform.Steps.MqPublish.Rabbitmq\Platform.Steps.MqPublish.Rabbitmq.csproj", "{B0E10187-4F11-6A23-C854-7E8F90012A3B}"
EndProject
Project("{FAE04EC0-301F-11D3-BF4B-00C04F79EFBC}") = "Platform.Steps.MqPublish.Rabbitmq.Tests", "tests\Platform.Steps.MqPublish.Rabbitmq.Tests\Platform.Steps.MqPublish.Rabbitmq.Tests.csproj", "{C1F21298-5012-7B34-D965-8F9001234C5D}"
EndProject
Project("{FAE04EC0-301F-11D3-BF4B-00C04F79EFBC}") = "Platform.Steps.MqExpect.Rabbitmq", "src\Providers\Core\Platform.Steps.MqExpect.Rabbitmq\Platform.Steps.MqExpect.Rabbitmq.csproj", "{D2030309-6123-8C45-EA76-9001234D6E7F}"
EndProject
Project("{FAE04EC0-301F-11D3-BF4B-00C04F79EFBC}") = "Platform.Steps.MqExpect.Rabbitmq.Tests", "tests\Platform.Steps.MqExpect.Rabbitmq.Tests\Platform.Steps.MqExpect.Rabbitmq.Tests.csproj", "{E314040A-7234-9D56-FB87-0112345E7F80}"
EndProject
Project("{FAE04EC0-301F-11D3-BF4B-00C04F79EFBC}") = "Platform.Steps.MqPublish.Nats", "src\Providers\Core\Platform.Steps.MqPublish.Nats\Platform.Steps.MqPublish.Nats.csproj", "{F425051B-8345-AECF-0C98-1223456F8091}"
EndProject
Project("{FAE04EC0-301F-11D3-BF4B-00C04F79EFBC}") = "Platform.Steps.MqPublish.Nats.Tests", "tests\Platform.Steps.MqPublish.Nats.Tests\Platform.Steps.MqPublish.Nats.Tests.csproj", "{05536C2D-9456-BFDF-1DA9-2334567F9102}"
EndProject
Project("{FAE04EC0-301F-11D3-BF4B-00C04F79EFBC}") = "Platform.Steps.MqExpect.Nats", "src\Providers\Core\Platform.Steps.MqExpect.Nats\Platform.Steps.MqExpect.Nats.csproj", "{16647D3E-0567-C0EF-2EBA-3445678F0213}"
EndProject
Project("{FAE04EC0-301F-11D3-BF4B-00C04F79EFBC}") = "Platform.Steps.MqExpect.Nats.Tests", "tests\Platform.Steps.MqExpect.Nats.Tests\Platform.Steps.MqExpect.Nats.Tests.csproj", "{27758E4F-1678-D100-3FCB-4556789F1324}"
EndProject
Project("{FAE04EC0-301F-11D3-BF4B-00C04F79EFBC}") = "Platform.Steps.MqPublish.AzureServiceBus", "src\Providers\Core\Platform.Steps.MqPublish.AzureServiceBus\Platform.Steps.MqPublish.AzureServiceBus.csproj", "{38869F50-2789-E211-4FDC-5667890F2435}"
EndProject
Project("{FAE04EC0-301F-11D3-BF4B-00C04F79EFBC}") = "Platform.Steps.MqPublish.AzureServiceBus.Tests", "tests\Platform.Steps.MqPublish.AzureServiceBus.Tests\Platform.Steps.MqPublish.AzureServiceBus.Tests.csproj", "{49970061-3890-F322-50ED-6778901F3546}"
EndProject
Project("{FAE04EC0-301F-11D3-BF4B-00C04F79EFBC}") = "Platform.Steps.MqExpect.AzureServiceBus", "src\Providers\Core\Platform.Steps.MqExpect.AzureServiceBus\Platform.Steps.MqExpect.AzureServiceBus.csproj", "{59981172-4901-0433-61FE-7889012F4657}"
EndProject
Project("{FAE04EC0-301F-11D3-BF4B-00C04F79EFBC}") = "Platform.Steps.MqExpect.AzureServiceBus.Tests", "tests\Platform.Steps.MqExpect.AzureServiceBus.Tests\Platform.Steps.MqExpect.AzureServiceBus.Tests.csproj", "{69092283-5012-1544-72AF-8990123F5768}"
EndProject
Project("{FAE04EC0-301F-11D3-BF4B-00C04F79EFBC}") = "Platform.Steps.MqPublish.Redis", "src\Providers\Core\Platform.Steps.MqPublish.Redis\Platform.Steps.MqPublish.Redis.csproj", "{36E963A1-9787-4DED-9F92-114840C9C470}"
EndProject
Project("{FAE04EC0-301F-11D3-BF4B-00C04F79EFBC}") = "Platform.Steps.MqExpect.Redis", "src\Providers\Core\Platform.Steps.MqExpect.Redis\Platform.Steps.MqExpect.Redis.csproj", "{95E0E2AA-E9F2-44EB-B434-0AA5A631BF33}"
EndProject
Project("{FAE04EC0-301F-11D3-BF4B-00C04F79EFBC}") = "Platform.Steps.MetricsAssert.Prometheus", "src\Providers\Core\Platform.Steps.MetricsAssert.Prometheus\Platform.Steps.MetricsAssert.Prometheus.csproj", "{71C4E379-C4CC-466E-8C03-12C1A56FBC7F}"
EndProject
Project("{FAE04EC0-301F-11D3-BF4B-00C04F79EFBC}") = "Platform.Steps.MqPublish.Redis.Tests", "tests\Platform.Steps.MqPublish.Redis.Tests\Platform.Steps.MqPublish.Redis.Tests.csproj", "{A24F60E0-7D7A-49CB-A225-253DA946BD1D}"
EndProject
Project("{FAE04EC0-301F-11D3-BF4B-00C04F79EFBC}") = "Platform.Steps.MqExpect.Redis.Tests", "tests\Platform.Steps.MqExpect.Redis.Tests\Platform.Steps.MqExpect.Redis.Tests.csproj", "{92A38B94-A300-412A-8783-B7F108A2A614}"
EndProject
Project("{FAE04EC0-301F-11D3-BF4B-00C04F79EFBC}") = "Platform.Steps.MetricsAssert.Prometheus.Tests", "tests\Platform.Steps.MetricsAssert.Prometheus.Tests\Platform.Steps.MetricsAssert.Prometheus.Tests.csproj", "{61CEA174-CB0C-4F1D-8798-B71DF5CC2894}"
EndProject
Project("{FAE04EC0-301F-11D3-BF4B-00C04F79EFBC}") = "Platform.Steps.DbAssert.Dynamodb", "src\Providers\Core\Platform.Steps.DbAssert.Dynamodb\Platform.Steps.DbAssert.Dynamodb.csproj", "{0F2C044B-CABA-4B61-A01E-67014E23012E}"
EndProject
Project("{FAE04EC0-301F-11D3-BF4B-00C04F79EFBC}") = "Platform.Steps.StorageAssert.S3", "src\Providers\Core\Platform.Steps.StorageAssert.S3\Platform.Steps.StorageAssert.S3.csproj", "{15D81E9E-99A0-49D1-B7D4-1DFB41461A33}"
EndProject
Project("{FAE04EC0-301F-11D3-BF4B-00C04F79EFBC}") = "Platform.Steps.DbAssert.Dynamodb.Tests", "tests\Platform.Steps.DbAssert.Dynamodb.Tests\Platform.Steps.DbAssert.Dynamodb.Tests.csproj", "{851FC279-6DE3-438E-8095-4337262F0169}"
EndProject
Project("{FAE04EC0-301F-11D3-BF4B-00C04F79EFBC}") = "Platform.Steps.StorageAssert.S3.Tests", "tests\Platform.Steps.StorageAssert.S3.Tests\Platform.Steps.StorageAssert.S3.Tests.csproj", "{87D68AD9-522D-48C3-A012-F3A49B41FE17}"
EndProject
Project("{FAE04EC0-301F-11D3-BF4B-00C04F79EFBC}") = "Platform.Steps.TraceExpect.Otlp", "src\Providers\Core\Platform.Steps.TraceExpect.Otlp\Platform.Steps.TraceExpect.Otlp.csproj", "{D59C8E39-D19B-4857-86D2-BDCAA7914DF9}"
EndProject
Project("{FAE04EC0-301F-11D3-BF4B-00C04F79EFBC}") = "Platform.Steps.Http.Soap", "src\Providers\Core\Platform.Steps.Http.Soap\Platform.Steps.Http.Soap.csproj", "{472AC540-C97A-4AF7-8B7D-C8EF6DF4616E}"
EndProject
Project("{FAE04EC0-301F-11D3-BF4B-00C04F79EFBC}") = "Platform.Steps.TraceExpect.Otlp.Tests", "tests\Platform.Steps.TraceExpect.Otlp.Tests\Platform.Steps.TraceExpect.Otlp.Tests.csproj", "{A158C877-89A9-4E38-B8B1-707F57DEB91B}"
EndProject
Project("{FAE04EC0-301F-11D3-BF4B-00C04F79EFBC}") = "Platform.Steps.Http.Soap.Tests", "tests\Platform.Steps.Http.Soap.Tests\Platform.Steps.Http.Soap.Tests.csproj", "{2DB1EA4D-EDBD-4391-BFCA-BFB2325E5CD7}"
EndProject
Global
	GlobalSection(SolutionConfigurationPlatforms) = preSolution
		Debug|Any CPU = Debug|Any CPU
		Release|Any CPU = Release|Any CPU
	EndGlobalSection
	GlobalSection(SolutionProperties) = preSolution
		HideSolutionNode = FALSE
	EndGlobalSection
	GlobalSection(ProjectConfigurationPlatforms) = postSolution
		{F1F5DAAA-398A-490C-93E7-EB8C942F3D0D}.Debug|Any CPU.ActiveCfg = Debug|Any CPU
		{F1F5DAAA-398A-490C-93E7-EB8C942F3D0D}.Debug|Any CPU.Build.0 = Debug|Any CPU
		{F1F5DAAA-398A-490C-93E7-EB8C942F3D0D}.Release|Any CPU.ActiveCfg = Release|Any CPU
		{F1F5DAAA-398A-490C-93E7-EB8C942F3D0D}.Release|Any CPU.Build.0 = Release|Any CPU
		{97946A59-4E49-426A-AB67-A23C76871C45}.Debug|Any CPU.ActiveCfg = Debug|Any CPU
		{97946A59-4E49-426A-AB67-A23C76871C45}.Debug|Any CPU.Build.0 = Debug|Any CPU
		{97946A59-4E49-426A-AB67-A23C76871C45}.Release|Any CPU.ActiveCfg = Release|Any CPU
		{97946A59-4E49-426A-AB67-A23C76871C45}.Release|Any CPU.Build.0 = Release|Any CPU
		{E665B197-12F5-4473-98CF-765D045BF2D1}.Debug|Any CPU.ActiveCfg = Debug|Any CPU
		{E665B197-12F5-4473-98CF-765D045BF2D1}.Debug|Any CPU.Build.0 = Debug|Any CPU
		{E665B197-12F5-4473-98CF-765D045BF2D1}.Release|Any CPU.ActiveCfg = Release|Any CPU
		{E665B197-12F5-4473-98CF-765D045BF2D1}.Release|Any CPU.Build.0 = Release|Any CPU
		{D71B7143-230F-4347-8A33-4C0572E7782E}.Debug|Any CPU.ActiveCfg = Debug|Any CPU
		{D71B7143-230F-4347-8A33-4C0572E7782E}.Debug|Any CPU.Build.0 = Debug|Any CPU
		{D71B7143-230F-4347-8A33-4C0572E7782E}.Release|Any CPU.ActiveCfg = Release|Any CPU
		{D71B7143-230F-4347-8A33-4C0572E7782E}.Release|Any CPU.Build.0 = Release|Any CPU
		{C9C2CD82-B6EE-434A-AE4D-84B25EF7B66F}.Debug|Any CPU.ActiveCfg = Debug|Any CPU
		{C9C2CD82-B6EE-434A-AE4D-84B25EF7B66F}.Debug|Any CPU.Build.0 = Debug|Any CPU
		{C9C2CD82-B6EE-434A-AE4D-84B25EF7B66F}.Release|Any CPU.ActiveCfg = Release|Any CPU
		{C9C2CD82-B6EE-434A-AE4D-84B25EF7B66F}.Release|Any CPU.Build.0 = Release|Any CPU
		{BDD47FBA-EB56-4B41-A80D-08E561469B32}.Debug|Any CPU.ActiveCfg = Debug|Any CPU
		{BDD47FBA-EB56-4B41-A80D-08E561469B32}.Debug|Any CPU.Build.0 = Debug|Any CPU
		{BDD47FBA-EB56-4B41-A80D-08E561469B32}.Release|Any CPU.ActiveCfg = Release|Any CPU
		{BDD47FBA-EB56-4B41-A80D-08E561469B32}.Release|Any CPU.Build.0 = Release|Any CPU
		{19491357-9BAE-4023-BC50-382D79C46DE1}.Debug|Any CPU.ActiveCfg = Debug|Any CPU
		{19491357-9BAE-4023-BC50-382D79C46DE1}.Debug|Any CPU.Build.0 = Debug|Any CPU
		{19491357-9BAE-4023-BC50-382D79C46DE1}.Release|Any CPU.ActiveCfg = Release|Any CPU
		{19491357-9BAE-4023-BC50-382D79C46DE1}.Release|Any CPU.Build.0 = Release|Any CPU
		{B0C9C9D2-0EF3-41E4-B670-71F32658BA14}.Debug|Any CPU.ActiveCfg = Debug|Any CPU
		{B0C9C9D2-0EF3-41E4-B670-71F32658BA14}.Debug|Any CPU.Build.0 = Debug|Any CPU
		{B0C9C9D2-0EF3-41E4-B670-71F32658BA14}.Release|Any CPU.ActiveCfg = Release|Any CPU
		{B0C9C9D2-0EF3-41E4-B670-71F32658BA14}.Release|Any CPU.Build.0 = Release|Any CPU
		{306CF0EF-87D7-45A8-BED8-D361F07D45A3}.Debug|Any CPU.ActiveCfg = Debug|Any CPU
		{306CF0EF-87D7-45A8-BED8-D361F07D45A3}.Debug|Any CPU.Build.0 = Debug|Any CPU
		{306CF0EF-87D7-45A8-BED8-D361F07D45A3}.Release|Any CPU.ActiveCfg = Release|Any CPU
		{306CF0EF-87D7-45A8-BED8-D361F07D45A3}.Release|Any CPU.Build.0 = Release|Any CPU
		{FA6C952C-5566-4627-9855-4F57AF9E37DE}.Debug|Any CPU.ActiveCfg = Debug|Any CPU
		{FA6C952C-5566-4627-9855-4F57AF9E37DE}.Debug|Any CPU.Build.0 = Debug|Any CPU
		{FA6C952C-5566-4627-9855-4F57AF9E37DE}.Release|Any CPU.ActiveCfg = Release|Any CPU
		{FA6C952C-5566-4627-9855-4F57AF9E37DE}.Release|Any CPU.Build.0 = Release|Any CPU
		{49EC8A70-2985-4B00-B9F4-8868A69F82BD}.Debug|Any CPU.ActiveCfg = Debug|Any CPU
		{49EC8A70-2985-4B00-B9F4-8868A69F82BD}.Debug|Any CPU.Build.0 = Debug|Any CPU
		{49EC8A70-2985-4B00-B9F4-8868A69F82BD}.Release|Any CPU.ActiveCfg = Release|Any CPU
		{49EC8A70-2985-4B00-B9F4-8868A69F82BD}.Release|Any CPU.Build.0 = Release|Any CPU
		{6175A057-1099-40B7-BEAB-5221D7E9ABD9}.Debug|Any CPU.ActiveCfg = Debug|Any CPU
		{6175A057-1099-40B7-BEAB-5221D7E9ABD9}.Debug|Any CPU.Build.0 = Debug|Any CPU
		{6175A057-1099-40B7-BEAB-5221D7E9ABD9}.Release|Any CPU.ActiveCfg = Release|Any CPU
		{6175A057-1099-40B7-BEAB-5221D7E9ABD9}.Release|Any CPU.Build.0 = Release|Any CPU
		{66603AA1-D104-4EB2-841A-DABE1FC018FB}.Debug|Any CPU.ActiveCfg = Debug|Any CPU
		{66603AA1-D104-4EB2-841A-DABE1FC018FB}.Debug|Any CPU.Build.0 = Debug|Any CPU
		{66603AA1-D104-4EB2-841A-DABE1FC018FB}.Release|Any CPU.ActiveCfg = Release|Any CPU
		{66603AA1-D104-4EB2-841A-DABE1FC018FB}.Release|Any CPU.Build.0 = Release|Any CPU
		{9724E20A-1741-4FF6-BFD1-73CB45DF9704}.Debug|Any CPU.ActiveCfg = Debug|Any CPU
		{9724E20A-1741-4FF6-BFD1-73CB45DF9704}.Debug|Any CPU.Build.0 = Debug|Any CPU
		{9724E20A-1741-4FF6-BFD1-73CB45DF9704}.Release|Any CPU.ActiveCfg = Release|Any CPU
		{9724E20A-1741-4FF6-BFD1-73CB45DF9704}.Release|Any CPU.Build.0 = Release|Any CPU
		{A3B7C91D-5F2E-4A8B-B3D6-E4F5A6B7C8D9}.Debug|Any CPU.ActiveCfg = Debug|Any CPU
		{A3B7C91D-5F2E-4A8B-B3D6-E4F5A6B7C8D9}.Debug|Any CPU.Build.0 = Debug|Any CPU
		{A3B7C91D-5F2E-4A8B-B3D6-E4F5A6B7C8D9}.Release|Any CPU.ActiveCfg = Release|Any CPU
		{A3B7C91D-5F2E-4A8B-B3D6-E4F5A6B7C8D9}.Release|Any CPU.Build.0 = Release|Any CPU
		{B4C8D02E-6A3F-5B9C-C4E7-F5A6B7C8D9E0}.Debug|Any CPU.ActiveCfg = Debug|Any CPU
		{B4C8D02E-6A3F-5B9C-C4E7-F5A6B7C8D9E0}.Debug|Any CPU.Build.0 = Debug|Any CPU
		{B4C8D02E-6A3F-5B9C-C4E7-F5A6B7C8D9E0}.Release|Any CPU.ActiveCfg = Release|Any CPU
		{B4C8D02E-6A3F-5B9C-C4E7-F5A6B7C8D9E0}.Release|Any CPU.Build.0 = Release|Any CPU
		{B4B02DC7-E831-4BAF-B38B-50389FF6B1F4}.Debug|Any CPU.ActiveCfg = Debug|Any CPU
		{B4B02DC7-E831-4BAF-B38B-50389FF6B1F4}.Debug|Any CPU.Build.0 = Debug|Any CPU
		{B4B02DC7-E831-4BAF-B38B-50389FF6B1F4}.Release|Any CPU.ActiveCfg = Release|Any CPU
		{B4B02DC7-E831-4BAF-B38B-50389FF6B1F4}.Release|Any CPU.Build.0 = Release|Any CPU
		{B005AE7D-CC19-40FD-A3E1-5C38A69C1ACF}.Debug|Any CPU.ActiveCfg = Debug|Any CPU
		{B005AE7D-CC19-40FD-A3E1-5C38A69C1ACF}.Debug|Any CPU.Build.0 = Debug|Any CPU
		{B005AE7D-CC19-40FD-A3E1-5C38A69C1ACF}.Release|Any CPU.ActiveCfg = Release|Any CPU
		{B005AE7D-CC19-40FD-A3E1-5C38A69C1ACF}.Release|Any CPU.Build.0 = Release|Any CPU
		{5AB3DC21-9F8E-4C07-A6B2-3D4E5F607182}.Debug|Any CPU.ActiveCfg = Debug|Any CPU
		{5AB3DC21-9F8E-4C07-A6B2-3D4E5F607182}.Debug|Any CPU.Build.0 = Debug|Any CPU
		{5AB3DC21-9F8E-4C07-A6B2-3D4E5F607182}.Release|Any CPU.ActiveCfg = Release|Any CPU
		{5AB3DC21-9F8E-4C07-A6B2-3D4E5F607182}.Release|Any CPU.Build.0 = Release|Any CPU
		{6BC4ED32-0A9F-5D18-B7C3-4E5F60718293}.Debug|Any CPU.ActiveCfg = Debug|Any CPU
		{6BC4ED32-0A9F-5D18-B7C3-4E5F60718293}.Debug|Any CPU.Build.0 = Debug|Any CPU
		{6BC4ED32-0A9F-5D18-B7C3-4E5F60718293}.Release|Any CPU.ActiveCfg = Release|Any CPU
		{6BC4ED32-0A9F-5D18-B7C3-4E5F60718293}.Release|Any CPU.Build.0 = Release|Any CPU
		{7CD5ED43-0A9B-4C1D-8E2F-3A4B5C6D7E8F}.Debug|Any CPU.ActiveCfg = Debug|Any CPU
		{7CD5ED43-0A9B-4C1D-8E2F-3A4B5C6D7E8F}.Debug|Any CPU.Build.0 = Debug|Any CPU
		{7CD5ED43-0A9B-4C1D-8E2F-3A4B5C6D7E8F}.Release|Any CPU.ActiveCfg = Release|Any CPU
		{7CD5ED43-0A9B-4C1D-8E2F-3A4B5C6D7E8F}.Release|Any CPU.Build.0 = Release|Any CPU
		{8DE6FE54-1BAC-5D2E-9F30-4B5C6D7E8F90}.Debug|Any CPU.ActiveCfg = Debug|Any CPU
		{8DE6FE54-1BAC-5D2E-9F30-4B5C6D7E8F90}.Debug|Any CPU.Build.0 = Debug|Any CPU
		{8DE6FE54-1BAC-5D2E-9F30-4B5C6D7E8F90}.Release|Any CPU.ActiveCfg = Release|Any CPU
		{8DE6FE54-1BAC-5D2E-9F30-4B5C6D7E8F90}.Release|Any CPU.Build.0 = Release|Any CPU
		{9EF70065-2CBD-6E3F-AF41-5C6D7E8F9001}.Debug|Any CPU.ActiveCfg = Debug|Any CPU
		{9EF70065-2CBD-6E3F-AF41-5C6D7E8F9001}.Debug|Any CPU.Build.0 = Debug|Any CPU
		{9EF70065-2CBD-6E3F-AF41-5C6D7E8F9001}.Release|Any CPU.ActiveCfg = Release|Any CPU
		{9EF70065-2CBD-6E3F-AF41-5C6D7E8F9001}.Release|Any CPU.Build.0 = Release|Any CPU
		{AF080076-3DCE-7F40-BE52-6D7E8F900112}.Debug|Any CPU.ActiveCfg = Debug|Any CPU
		{AF080076-3DCE-7F40-BE52-6D7E8F900112}.Debug|Any CPU.Build.0 = Debug|Any CPU
		{AF080076-3DCE-7F40-BE52-6D7E8F900112}.Release|Any CPU.ActiveCfg = Release|Any CPU
		{AF080076-3DCE-7F40-BE52-6D7E8F900112}.Release|Any CPU.Build.0 = Release|Any CPU
		{C1D2E3F4-A5B6-7890-ABCD-EF1234567890}.Debug|Any CPU.ActiveCfg = Debug|Any CPU
		{C1D2E3F4-A5B6-7890-ABCD-EF1234567890}.Debug|Any CPU.Build.0 = Debug|Any CPU
		{C1D2E3F4-A5B6-7890-ABCD-EF1234567890}.Release|Any CPU.ActiveCfg = Release|Any CPU
		{C1D2E3F4-A5B6-7890-ABCD-EF1234567890}.Release|Any CPU.Build.0 = Release|Any CPU
		{D2E3F4A5-B6C7-8901-BCDE-F12345678901}.Debug|Any CPU.ActiveCfg = Debug|Any CPU
		{D2E3F4A5-B6C7-8901-BCDE-F12345678901}.Debug|Any CPU.Build.0 = Debug|Any CPU
		{D2E3F4A5-B6C7-8901-BCDE-F12345678901}.Release|Any CPU.ActiveCfg = Release|Any CPU
		{D2E3F4A5-B6C7-8901-BCDE-F12345678901}.Release|Any CPU.Build.0 = Release|Any CPU
		{757A858B-E1A2-43C5-BD86-4C796771B51F}.Debug|Any CPU.ActiveCfg = Debug|Any CPU
		{757A858B-E1A2-43C5-BD86-4C796771B51F}.Debug|Any CPU.Build.0 = Debug|Any CPU
		{757A858B-E1A2-43C5-BD86-4C796771B51F}.Release|Any CPU.ActiveCfg = Release|Any CPU
		{757A858B-E1A2-43C5-BD86-4C796771B51F}.Release|Any CPU.Build.0 = Release|Any CPU
		{C9A7E0B7-F01E-48CE-AE58-CD63386184C4}.Debug|Any CPU.ActiveCfg = Debug|Any CPU
		{C9A7E0B7-F01E-48CE-AE58-CD63386184C4}.Debug|Any CPU.Build.0 = Debug|Any CPU
		{C9A7E0B7-F01E-48CE-AE58-CD63386184C4}.Release|Any CPU.ActiveCfg = Release|Any CPU
		{C9A7E0B7-F01E-48CE-AE58-CD63386184C4}.Release|Any CPU.Build.0 = Release|Any CPU
		{04486CE0-D91F-444C-A81B-D8688FF3210F}.Debug|Any CPU.ActiveCfg = Debug|Any CPU
		{04486CE0-D91F-444C-A81B-D8688FF3210F}.Debug|Any CPU.Build.0 = Debug|Any CPU
		{04486CE0-D91F-444C-A81B-D8688FF3210F}.Release|Any CPU.ActiveCfg = Release|Any CPU
		{04486CE0-D91F-444C-A81B-D8688FF3210F}.Release|Any CPU.Build.0 = Release|Any CPU
		{294BD427-85F8-4A46-B370-69AAEF314B21}.Debug|Any CPU.ActiveCfg = Debug|Any CPU
		{294BD427-85F8-4A46-B370-69AAEF314B21}.Debug|Any CPU.Build.0 = Debug|Any CPU
		{294BD427-85F8-4A46-B370-69AAEF314B21}.Release|Any CPU.ActiveCfg = Release|Any CPU
		{294BD427-85F8-4A46-B370-69AAEF314B21}.Release|Any CPU.Build.0 = Release|Any CPU
		{84E83A36-AB8A-4C7D-BD66-6BA6E72A6A9D}.Debug|Any CPU.ActiveCfg = Debug|Any CPU
		{84E83A36-AB8A-4C7D-BD66-6BA6E72A6A9D}.Debug|Any CPU.Build.0 = Debug|Any CPU
		{84E83A36-AB8A-4C7D-BD66-6BA6E72A6A9D}.Release|Any CPU.ActiveCfg = Release|Any CPU
		{84E83A36-AB8A-4C7D-BD66-6BA6E72A6A9D}.Release|Any CPU.Build.0 = Release|Any CPU
		{90177E23-4365-47B7-8DE3-D3E98A2DAF63}.Debug|Any CPU.ActiveCfg = Debug|Any CPU
		{90177E23-4365-47B7-8DE3-D3E98A2DAF63}.Debug|Any CPU.Build.0 = Debug|Any CPU
		{90177E23-4365-47B7-8DE3-D3E98A2DAF63}.Release|Any CPU.ActiveCfg = Release|Any CPU
		{90177E23-4365-47B7-8DE3-D3E98A2DAF63}.Release|Any CPU.Build.0 = Release|Any CPU
		{E3C8205E-9334-4DFC-833A-61F61880CB8E}.Debug|Any CPU.ActiveCfg = Debug|Any CPU
		{E3C8205E-9334-4DFC-833A-61F61880CB8E}.Debug|Any CPU.Build.0 = Debug|Any CPU
		{E3C8205E-9334-4DFC-833A-61F61880CB8E}.Release|Any CPU.ActiveCfg = Release|Any CPU
		{E3C8205E-9334-4DFC-833A-61F61880CB8E}.Release|Any CPU.Build.0 = Release|Any CPU
		{FE2FC1A0-35CC-4FC4-8750-4F2D671E987B}.Debug|Any CPU.ActiveCfg = Debug|Any CPU
		{FE2FC1A0-35CC-4FC4-8750-4F2D671E987B}.Debug|Any CPU.Build.0 = Debug|Any CPU
		{FE2FC1A0-35CC-4FC4-8750-4F2D671E987B}.Release|Any CPU.ActiveCfg = Release|Any CPU
		{FE2FC1A0-35CC-4FC4-8750-4F2D671E987B}.Release|Any CPU.Build.0 = Release|Any CPU
		{F0B5780E-0437-4CBF-98D6-AE18CB41675C}.Debug|Any CPU.ActiveCfg = Debug|Any CPU
		{F0B5780E-0437-4CBF-98D6-AE18CB41675C}.Debug|Any CPU.Build.0 = Debug|Any CPU
		{F0B5780E-0437-4CBF-98D6-AE18CB41675C}.Release|Any CPU.ActiveCfg = Release|Any CPU
		{F0B5780E-0437-4CBF-98D6-AE18CB41675C}.Release|Any CPU.Build.0 = Release|Any CPU
		{FCADEAA3-B1F9-41CC-AC24-914F2A207129}.Debug|Any CPU.ActiveCfg = Debug|Any CPU
		{FCADEAA3-B1F9-41CC-AC24-914F2A207129}.Debug|Any CPU.Build.0 = Debug|Any CPU
		{FCADEAA3-B1F9-41CC-AC24-914F2A207129}.Release|Any CPU.ActiveCfg = Release|Any CPU
		{FCADEAA3-B1F9-41CC-AC24-914F2A207129}.Release|Any CPU.Build.0 = Release|Any CPU
		{F8388158-730E-4220-91CF-CF6C017A31F9}.Debug|Any CPU.ActiveCfg = Debug|Any CPU
		{F8388158-730E-4220-91CF-CF6C017A31F9}.Debug|Any CPU.Build.0 = Debug|Any CPU
		{F8388158-730E-4220-91CF-CF6C017A31F9}.Release|Any CPU.ActiveCfg = Release|Any CPU
		{F8388158-730E-4220-91CF-CF6C017A31F9}.Release|Any CPU.Build.0 = Release|Any CPU
		{D0B84857-3E54-4FEE-8797-7EB0CE0EBDC4}.Debug|Any CPU.ActiveCfg = Debug|Any CPU
		{D0B84857-3E54-4FEE-8797-7EB0CE0EBDC4}.Debug|Any CPU.Build.0 = Debug|Any CPU
		{D0B84857-3E54-4FEE-8797-7EB0CE0EBDC4}.Release|Any CPU.ActiveCfg = Release|Any CPU
		{D0B84857-3E54-4FEE-8797-7EB0CE0EBDC4}.Release|Any CPU.Build.0 = Release|Any CPU
		{249984A6-414A-4F03-8BC5-34E32801849B}.Debug|Any CPU.ActiveCfg = Debug|Any CPU
		{249984A6-414A-4F03-8BC5-34E32801849B}.Debug|Any CPU.Build.0 = Debug|Any CPU
		{249984A6-414A-4F03-8BC5-34E32801849B}.Release|Any CPU.ActiveCfg = Release|Any CPU
		{249984A6-414A-4F03-8BC5-34E32801849B}.Release|Any CPU.Build.0 = Release|Any CPU
		{3D400F8F-2A86-445C-BFF2-0E150FC59701}.Debug|Any CPU.ActiveCfg = Debug|Any CPU
		{3D400F8F-2A86-445C-BFF2-0E150FC59701}.Debug|Any CPU.Build.0 = Debug|Any CPU
		{3D400F8F-2A86-445C-BFF2-0E150FC59701}.Release|Any CPU.ActiveCfg = Release|Any CPU
		{3D400F8F-2A86-445C-BFF2-0E150FC59701}.Release|Any CPU.Build.0 = Release|Any CPU
		{7067AB60-FC02-4B97-A402-360CD31076EE}.Debug|Any CPU.ActiveCfg = Debug|Any CPU
		{7067AB60-FC02-4B97-A402-360CD31076EE}.Debug|Any CPU.Build.0 = Debug|Any CPU
		{7067AB60-FC02-4B97-A402-360CD31076EE}.Release|Any CPU.ActiveCfg = Release|Any CPU
		{7067AB60-FC02-4B97-A402-360CD31076EE}.Release|Any CPU.Build.0 = Release|Any CPU
		{0B236038-6263-4D07-AC1B-4EFAEF14C0BC}.Debug|Any CPU.ActiveCfg = Debug|Any CPU
		{0B236038-6263-4D07-AC1B-4EFAEF14C0BC}.Debug|Any CPU.Build.0 = Debug|Any CPU
		{0B236038-6263-4D07-AC1B-4EFAEF14C0BC}.Release|Any CPU.ActiveCfg = Release|Any CPU
		{0B236038-6263-4D07-AC1B-4EFAEF14C0BC}.Release|Any CPU.Build.0 = Release|Any CPU
		{776F9151-587A-4429-863E-0AB54DD27568}.Debug|Any CPU.ActiveCfg = Debug|Any CPU
		{776F9151-587A-4429-863E-0AB54DD27568}.Debug|Any CPU.Build.0 = Debug|Any CPU
		{776F9151-587A-4429-863E-0AB54DD27568}.Release|Any CPU.ActiveCfg = Release|Any CPU
		{776F9151-587A-4429-863E-0AB54DD27568}.Release|Any CPU.Build.0 = Release|Any CPU
		{CE26EA83-B389-4654-A14E-422F9794BFE8}.Debug|Any CPU.ActiveCfg = Debug|Any CPU
		{CE26EA83-B389-4654-A14E-422F9794BFE8}.Debug|Any CPU.Build.0 = Debug|Any CPU
		{CE26EA83-B389-4654-A14E-422F9794BFE8}.Release|Any CPU.ActiveCfg = Release|Any CPU
		{CE26EA83-B389-4654-A14E-422F9794BFE8}.Release|Any CPU.Build.0 = Release|Any CPU
		{1F4B7ED9-993E-4209-A69F-7A31ADC904A2}.Debug|Any CPU.ActiveCfg = Debug|Any CPU
		{1F4B7ED9-993E-4209-A69F-7A31ADC904A2}.Debug|Any CPU.Build.0 = Debug|Any CPU
		{1F4B7ED9-993E-4209-A69F-7A31ADC904A2}.Release|Any CPU.ActiveCfg = Release|Any CPU
		{1F4B7ED9-993E-4209-A69F-7A31ADC904A2}.Release|Any CPU.Build.0 = Release|Any CPU
		{03899BE0-2033-439F-84B7-1A4F847706AE}.Debug|Any CPU.ActiveCfg = Debug|Any CPU
		{03899BE0-2033-439F-84B7-1A4F847706AE}.Debug|Any CPU.Build.0 = Debug|Any CPU
		{03899BE0-2033-439F-84B7-1A4F847706AE}.Release|Any CPU.ActiveCfg = Release|Any CPU
		{03899BE0-2033-439F-84B7-1A4F847706AE}.Release|Any CPU.Build.0 = Release|Any CPU
		{55DE7E67-9FA0-4258-A210-989299673440}.Debug|Any CPU.ActiveCfg = Debug|Any CPU
		{55DE7E67-9FA0-4258-A210-989299673440}.Debug|Any CPU.Build.0 = Debug|Any CPU
		{55DE7E67-9FA0-4258-A210-989299673440}.Release|Any CPU.ActiveCfg = Release|Any CPU
		{55DE7E67-9FA0-4258-A210-989299673440}.Release|Any CPU.Build.0 = Release|Any CPU
		{B0E10187-4F11-6A23-C854-7E8F90012A3B}.Debug|Any CPU.ActiveCfg = Debug|Any CPU
		{B0E10187-4F11-6A23-C854-7E8F90012A3B}.Debug|Any CPU.Build.0 = Debug|Any CPU
		{B0E10187-4F11-6A23-C854-7E8F90012A3B}.Release|Any CPU.ActiveCfg = Release|Any CPU
		{B0E10187-4F11-6A23-C854-7E8F90012A3B}.Release|Any CPU.Build.0 = Release|Any CPU
		{C1F21298-5012-7B34-D965-8F9001234C5D}.Debug|Any CPU.ActiveCfg = Debug|Any CPU
		{C1F21298-5012-7B34-D965-8F9001234C5D}.Debug|Any CPU.Build.0 = Debug|Any CPU
		{C1F21298-5012-7B34-D965-8F9001234C5D}.Release|Any CPU.ActiveCfg = Release|Any CPU
		{C1F21298-5012-7B34-D965-8F9001234C5D}.Release|Any CPU.Build.0 = Release|Any CPU
		{D2030309-6123-8C45-EA76-9001234D6E7F}.Debug|Any CPU.ActiveCfg = Debug|Any CPU
		{D2030309-6123-8C45-EA76-9001234D6E7F}.Debug|Any CPU.Build.0 = Debug|Any CPU
		{D2030309-6123-8C45-EA76-9001234D6E7F}.Release|Any CPU.ActiveCfg = Release|Any CPU
		{D2030309-6123-8C45-EA76-9001234D6E7F}.Release|Any CPU.Build.0 = Release|Any CPU
		{E314040A-7234-9D56-FB87-0112345E7F80}.Debug|Any CPU.ActiveCfg = Debug|Any CPU
		{E314040A-7234-9D56-FB87-0112345E7F80}.Debug|Any CPU.Build.0 = Debug|Any CPU
		{E314040A-7234-9D56-FB87-0112345E7F80}.Release|Any CPU.ActiveCfg = Release|Any CPU
		{E314040A-7234-9D56-FB87-0112345E7F80}.Release|Any CPU.Build.0 = Release|Any CPU
		{A4B5C6D7-E8F9-0A1B-C2D3-E4F567890A1B}.Debug|Any CPU.ActiveCfg = Debug|Any CPU
		{A4B5C6D7-E8F9-0A1B-C2D3-E4F567890A1B}.Debug|Any CPU.Build.0 = Debug|Any CPU
		{A4B5C6D7-E8F9-0A1B-C2D3-E4F567890A1B}.Release|Any CPU.ActiveCfg = Release|Any CPU
		{A4B5C6D7-E8F9-0A1B-C2D3-E4F567890A1B}.Release|Any CPU.Build.0 = Release|Any CPU
		{B5C6D7E8-F9A0-1B2C-D3E4-F5A678901B2C}.Debug|Any CPU.ActiveCfg = Debug|Any CPU
		{B5C6D7E8-F9A0-1B2C-D3E4-F5A678901B2C}.Debug|Any CPU.Build.0 = Debug|Any CPU
		{B5C6D7E8-F9A0-1B2C-D3E4-F5A678901B2C}.Release|Any CPU.ActiveCfg = Release|Any CPU
		{B5C6D7E8-F9A0-1B2C-D3E4-F5A678901B2C}.Release|Any CPU.Build.0 = Release|Any CPU
		{F425051B-8345-AECF-0C98-1223456F8091}.Debug|Any CPU.ActiveCfg = Debug|Any CPU
		{F425051B-8345-AECF-0C98-1223456F8091}.Debug|Any CPU.Build.0 = Debug|Any CPU
		{F425051B-8345-AECF-0C98-1223456F8091}.Release|Any CPU.ActiveCfg = Release|Any CPU
		{F425051B-8345-AECF-0C98-1223456F8091}.Release|Any CPU.Build.0 = Release|Any CPU
		{05536C2D-9456-BFDF-1DA9-2334567F9102}.Debug|Any CPU.ActiveCfg = Debug|Any CPU
		{05536C2D-9456-BFDF-1DA9-2334567F9102}.Debug|Any CPU.Build.0 = Debug|Any CPU
		{05536C2D-9456-BFDF-1DA9-2334567F9102}.Release|Any CPU.ActiveCfg = Release|Any CPU
		{05536C2D-9456-BFDF-1DA9-2334567F9102}.Release|Any CPU.Build.0 = Release|Any CPU
		{16647D3E-0567-C0EF-2EBA-3445678F0213}.Debug|Any CPU.ActiveCfg = Debug|Any CPU
		{16647D3E-0567-C0EF-2EBA-3445678F0213}.Debug|Any CPU.Build.0 = Debug|Any CPU
		{16647D3E-0567-C0EF-2EBA-3445678F0213}.Release|Any CPU.ActiveCfg = Release|Any CPU
		{16647D3E-0567-C0EF-2EBA-3445678F0213}.Release|Any CPU.Build.0 = Release|Any CPU
		{27758E4F-1678-D100-3FCB-4556789F1324}.Debug|Any CPU.ActiveCfg = Debug|Any CPU
		{27758E4F-1678-D100-3FCB-4556789F1324}.Debug|Any CPU.Build.0 = Debug|Any CPU
		{27758E4F-1678-D100-3FCB-4556789F1324}.Release|Any CPU.ActiveCfg = Release|Any CPU
		{27758E4F-1678-D100-3FCB-4556789F1324}.Release|Any CPU.Build.0 = Release|Any CPU
		{38869F50-2789-E211-4FDC-5667890F2435}.Debug|Any CPU.ActiveCfg = Debug|Any CPU
		{38869F50-2789-E211-4FDC-5667890F2435}.Debug|Any CPU.Build.0 = Debug|Any CPU
		{38869F50-2789-E211-4FDC-5667890F2435}.Release|Any CPU.ActiveCfg = Release|Any CPU
		{38869F50-2789-E211-4FDC-5667890F2435}.Release|Any CPU.Build.0 = Release|Any CPU
		{49970061-3890-F322-50ED-6778901F3546}.Debug|Any CPU.ActiveCfg = Debug|Any CPU
		{49970061-3890-F322-50ED-6778901F3546}.Debug|Any CPU.Build.0 = Debug|Any CPU
		{49970061-3890-F322-50ED-6778901F3546}.Release|Any CPU.ActiveCfg = Release|Any CPU
		{49970061-3890-F322-50ED-6778901F3546}.Release|Any CPU.Build.0 = Release|Any CPU
		{59981172-4901-0433-61FE-7889012F4657}.Debug|Any CPU.ActiveCfg = Debug|Any CPU
		{59981172-4901-0433-61FE-7889012F4657}.Debug|Any CPU.Build.0 = Debug|Any CPU
		{59981172-4901-0433-61FE-7889012F4657}.Release|Any CPU.ActiveCfg = Release|Any CPU
		{59981172-4901-0433-61FE-7889012F4657}.Release|Any CPU.Build.0 = Release|Any CPU
		{69092283-5012-1544-72AF-8990123F5768}.Debug|Any CPU.ActiveCfg = Debug|Any CPU
		{69092283-5012-1544-72AF-8990123F5768}.Debug|Any CPU.Build.0 = Debug|Any CPU
		{69092283-5012-1544-72AF-8990123F5768}.Release|Any CPU.ActiveCfg = Release|Any CPU
		{69092283-5012-1544-72AF-8990123F5768}.Release|Any CPU.Build.0 = Release|Any CPU
		{36E963A1-9787-4DED-9F92-114840C9C470}.Debug|Any CPU.ActiveCfg = Debug|Any CPU
		{36E963A1-9787-4DED-9F92-114840C9C470}.Debug|Any CPU.Build.0 = Debug|Any CPU
		{36E963A1-9787-4DED-9F92-114840C9C470}.Release|Any CPU.ActiveCfg = Release|Any CPU
		{36E963A1-9787-4DED-9F92-114840C9C470}.Release|Any CPU.Build.0 = Release|Any CPU
		{95E0E2AA-E9F2-44EB-B434-0AA5A631BF33}.Debug|Any CPU.ActiveCfg = Debug|Any CPU
		{95E0E2AA-E9F2-44EB-B434-0AA5A631BF33}.Debug|Any CPU.Build.0 = Debug|Any CPU
		{95E0E2AA-E9F2-44EB-B434-0AA5A631BF33}.Release|Any CPU.ActiveCfg = Release|Any CPU
		{95E0E2AA-E9F2-44EB-B434-0AA5A631BF33}.Release|Any CPU.Build.0 = Release|Any CPU
		{71C4E379-C4CC-466E-8C03-12C1A56FBC7F}.Debug|Any CPU.ActiveCfg = Debug|Any CPU
		{71C4E379-C4CC-466E-8C03-12C1A56FBC7F}.Debug|Any CPU.Build.0 = Debug|Any CPU
		{71C4E379-C4CC-466E-8C03-12C1A56FBC7F}.Release|Any CPU.ActiveCfg = Release|Any CPU
		{71C4E379-C4CC-466E-8C03-12C1A56FBC7F}.Release|Any CPU.Build.0 = Release|Any CPU
		{A24F60E0-7D7A-49CB-A225-253DA946BD1D}.Debug|Any CPU.ActiveCfg = Debug|Any CPU
		{A24F60E0-7D7A-49CB-A225-253DA946BD1D}.Debug|Any CPU.Build.0 = Debug|Any CPU
		{A24F60E0-7D7A-49CB-A225-253DA946BD1D}.Release|Any CPU.ActiveCfg = Release|Any CPU
		{A24F60E0-7D7A-49CB-A225-253DA946BD1D}.Release|Any CPU.Build.0 = Release|Any CPU
		{92A38B94-A300-412A-8783-B7F108A2A614}.Debug|Any CPU.ActiveCfg = Debug|Any CPU
		{92A38B94-A300-412A-8783-B7F108A2A614}.Debug|Any CPU.Build.0 = Debug|Any CPU
		{92A38B94-A300-412A-8783-B7F108A2A614}.Release|Any CPU.ActiveCfg = Release|Any CPU
		{92A38B94-A300-412A-8783-B7F108A2A614}.Release|Any CPU.Build.0 = Release|Any CPU
		{61CEA174-CB0C-4F1D-8798-B71DF5CC2894}.Debug|Any CPU.ActiveCfg = Debug|Any CPU
		{61CEA174-CB0C-4F1D-8798-B71DF5CC2894}.Debug|Any CPU.Build.0 = Debug|Any CPU
		{61CEA174-CB0C-4F1D-8798-B71DF5CC2894}.Release|Any CPU.ActiveCfg = Release|Any CPU
		{61CEA174-CB0C-4F1D-8798-B71DF5CC2894}.Release|Any CPU.Build.0 = Release|Any CPU
		{0F2C044B-CABA-4B61-A01E-67014E23012E}.Debug|Any CPU.ActiveCfg = Debug|Any CPU
		{0F2C044B-CABA-4B61-A01E-67014E23012E}.Debug|Any CPU.Build.0 = Debug|Any CPU
		{0F2C044B-CABA-4B61-A01E-67014E23012E}.Release|Any CPU.ActiveCfg = Release|Any CPU
		{0F2C044B-CABA-4B61-A01E-67014E23012E}.Release|Any CPU.Build.0 = Release|Any CPU
		{15D81E9E-99A0-49D1-B7D4-1DFB41461A33}.Debug|Any CPU.ActiveCfg = Debug|Any CPU
		{15D81E9E-99A0-49D1-B7D4-1DFB41461A33}.Debug|Any CPU.Build.0 = Debug|Any CPU
		{15D81E9E-99A0-49D1-B7D4-1DFB41461A33}.Release|Any CPU.ActiveCfg = Release|Any CPU
		{15D81E9E-99A0-49D1-B7D4-1DFB41461A33}.Release|Any CPU.Build.0 = Release|Any CPU
		{851FC279-6DE3-438E-8095-4337262F0169}.Debug|Any CPU.ActiveCfg = Debug|Any CPU
		{851FC279-6DE3-438E-8095-4337262F0169}.Debug|Any CPU.Build.0 = Debug|Any CPU
		{851FC279-6DE3-438E-8095-4337262F0169}.Release|Any CPU.ActiveCfg = Release|Any CPU
		{851FC279-6DE3-438E-8095-4337262F0169}.Release|Any CPU.Build.0 = Release|Any CPU
		{87D68AD9-522D-48C3-A012-F3A49B41FE17}.Debug|Any CPU.ActiveCfg = Debug|Any CPU
		{87D68AD9-522D-48C3-A012-F3A49B41FE17}.Debug|Any CPU.Build.0 = Debug|Any CPU
		{87D68AD9-522D-48C3-A012-F3A49B41FE17}.Release|Any CPU.ActiveCfg = Release|Any CPU
		{87D68AD9-522D-48C3-A012-F3A49B41FE17}.Release|Any CPU.Build.0 = Release|Any CPU
		{D59C8E39-D19B-4857-86D2-BDCAA7914DF9}.Debug|Any CPU.ActiveCfg = Debug|Any CPU
		{D59C8E39-D19B-4857-86D2-BDCAA7914DF9}.Debug|Any CPU.Build.0 = Debug|Any CPU
		{D59C8E39-D19B-4857-86D2-BDCAA7914DF9}.Release|Any CPU.ActiveCfg = Release|Any CPU
		{D59C8E39-D19B-4857-86D2-BDCAA7914DF9}.Release|Any CPU.Build.0 = Release|Any CPU
		{472AC540-C97A-4AF7-8B7D-C8EF6DF4616E}.Debug|Any CPU.ActiveCfg = Debug|Any CPU
		{472AC540-C97A-4AF7-8B7D-C8EF6DF4616E}.Debug|Any CPU.Build.0 = Debug|Any CPU
		{472AC540-C97A-4AF7-8B7D-C8EF6DF4616E}.Release|Any CPU.ActiveCfg = Release|Any CPU
		{472AC540-C97A-4AF7-8B7D-C8EF6DF4616E}.Release|Any CPU.Build.0 = Release|Any CPU
		{A158C877-89A9-4E38-B8B1-707F57DEB91B}.Debug|Any CPU.ActiveCfg = Debug|Any CPU
		{A158C877-89A9-4E38-B8B1-707F57DEB91B}.Debug|Any CPU.Build.0 = Debug|Any CPU
		{A158C877-89A9-4E38-B8B1-707F57DEB91B}.Release|Any CPU.ActiveCfg = Release|Any CPU
		{A158C877-89A9-4E38-B8B1-707F57DEB91B}.Release|Any CPU.Build.0 = Release|Any CPU
		{2DB1EA4D-EDBD-4391-BFCA-BFB2325E5CD7}.Debug|Any CPU.ActiveCfg = Debug|Any CPU
		{2DB1EA4D-EDBD-4391-BFCA-BFB2325E5CD7}.Debug|Any CPU.Build.0 = Debug|Any CPU
		{2DB1EA4D-EDBD-4391-BFCA-BFB2325E5CD7}.Release|Any CPU.ActiveCfg = Release|Any CPU
		{2DB1EA4D-EDBD-4391-BFCA-BFB2325E5CD7}.Release|Any CPU.Build.0 = Release|Any CPU
	EndGlobalSection
	GlobalSection(NestedProjects) = preSolution
		{A2F5CC80-BD70-48C5-A894-38CB4BDC2E41} = {6664381F-6135-49A8-970A-80BABBB0DDC3}
		{F1F5DAAA-398A-490C-93E7-EB8C942F3D0D} = {A2F5CC80-BD70-48C5-A894-38CB4BDC2E41}
		{97946A59-4E49-426A-AB67-A23C76871C45} = {A2F5CC80-BD70-48C5-A894-38CB4BDC2E41}
		{E665B197-12F5-4473-98CF-765D045BF2D1} = {A2F5CC80-BD70-48C5-A894-38CB4BDC2E41}
		{BA96BEAD-E2D6-4A16-85E8-463BC3764C50} = {6664381F-6135-49A8-970A-80BABBB0DDC3}
		{D71B7143-230F-4347-8A33-4C0572E7782E} = {BA96BEAD-E2D6-4A16-85E8-463BC3764C50}
		{F0ACCEDC-5989-47E1-9776-643BED479B97} = {6664381F-6135-49A8-970A-80BABBB0DDC3}
		{DAE7D803-ED65-4551-A2A5-109B76F2D0C8} = {F0ACCEDC-5989-47E1-9776-643BED479B97}
		{C9C2CD82-B6EE-434A-AE4D-84B25EF7B66F} = {DAE7D803-ED65-4551-A2A5-109B76F2D0C8}
		{BDD47FBA-EB56-4B41-A80D-08E561469B32} = {2BD298DA-BBC8-46C3-AE1B-A460B5886CF4}
		{19491357-9BAE-4023-BC50-382D79C46DE1} = {2BD298DA-BBC8-46C3-AE1B-A460B5886CF4}
		{B0C9C9D2-0EF3-41E4-B670-71F32658BA14} = {2BD298DA-BBC8-46C3-AE1B-A460B5886CF4}
		{306CF0EF-87D7-45A8-BED8-D361F07D45A3} = {2BD298DA-BBC8-46C3-AE1B-A460B5886CF4}
		{FA6C952C-5566-4627-9855-4F57AF9E37DE} = {2BD298DA-BBC8-46C3-AE1B-A460B5886CF4}
		{49EC8A70-2985-4B00-B9F4-8868A69F82BD} = {A2F5CC80-BD70-48C5-A894-38CB4BDC2E41}
		{6175A057-1099-40B7-BEAB-5221D7E9ABD9} = {2BD298DA-BBC8-46C3-AE1B-A460B5886CF4}
		{66603AA1-D104-4EB2-841A-DABE1FC018FB} = {A2F5CC80-BD70-48C5-A894-38CB4BDC2E41}
		{9724E20A-1741-4FF6-BFD1-73CB45DF9704} = {2BD298DA-BBC8-46C3-AE1B-A460B5886CF4}
		{A3B7C91D-5F2E-4A8B-B3D6-E4F5A6B7C8D9} = {A2F5CC80-BD70-48C5-A894-38CB4BDC2E41}
		{B4C8D02E-6A3F-5B9C-C4E7-F5A6B7C8D9E0} = {2BD298DA-BBC8-46C3-AE1B-A460B5886CF4}
		{B4B02DC7-E831-4BAF-B38B-50389FF6B1F4} = {DAE7D803-ED65-4551-A2A5-109B76F2D0C8}
		{B005AE7D-CC19-40FD-A3E1-5C38A69C1ACF} = {2BD298DA-BBC8-46C3-AE1B-A460B5886CF4}
		{5AB3DC21-9F8E-4C07-A6B2-3D4E5F607182} = {DAE7D803-ED65-4551-A2A5-109B76F2D0C8}
		{6BC4ED32-0A9F-5D18-B7C3-4E5F60718293} = {2BD298DA-BBC8-46C3-AE1B-A460B5886CF4}
		{7CD5ED43-0A9B-4C1D-8E2F-3A4B5C6D7E8F} = {DAE7D803-ED65-4551-A2A5-109B76F2D0C8}
		{8DE6FE54-1BAC-5D2E-9F30-4B5C6D7E8F90} = {2BD298DA-BBC8-46C3-AE1B-A460B5886CF4}
		{9EF70065-2CBD-6E3F-AF41-5C6D7E8F9001} = {DAE7D803-ED65-4551-A2A5-109B76F2D0C8}
		{AF080076-3DCE-7F40-BE52-6D7E8F900112} = {2BD298DA-BBC8-46C3-AE1B-A460B5886CF4}
		{C1D2E3F4-A5B6-7890-ABCD-EF1234567890} = {DAE7D803-ED65-4551-A2A5-109B76F2D0C8}
		{D2E3F4A5-B6C7-8901-BCDE-F12345678901} = {2BD298DA-BBC8-46C3-AE1B-A460B5886CF4}
		{757A858B-E1A2-43C5-BD86-4C796771B51F} = {DAE7D803-ED65-4551-A2A5-109B76F2D0C8}
		{C9A7E0B7-F01E-48CE-AE58-CD63386184C4} = {2BD298DA-BBC8-46C3-AE1B-A460B5886CF4}
		{04486CE0-D91F-444C-A81B-D8688FF3210F} = {DAE7D803-ED65-4551-A2A5-109B76F2D0C8}
		{294BD427-85F8-4A46-B370-69AAEF314B21} = {2BD298DA-BBC8-46C3-AE1B-A460B5886CF4}
		{84E83A36-AB8A-4C7D-BD66-6BA6E72A6A9D} = {C472369A-093E-4037-8181-9C07F0172859}
		{90177E23-4365-47B7-8DE3-D3E98A2DAF63} = {2BD298DA-BBC8-46C3-AE1B-A460B5886CF4}
		{E3C8205E-9334-4DFC-833A-61F61880CB8E} = {DAE7D803-ED65-4551-A2A5-109B76F2D0C8}
		{FE2FC1A0-35CC-4FC4-8750-4F2D671E987B} = {2BD298DA-BBC8-46C3-AE1B-A460B5886CF4}
		{F0B5780E-0437-4CBF-98D6-AE18CB41675C} = {A33A111D-22DB-4917-AA4E-7FBDBAC021EB}
		{FCADEAA3-B1F9-41CC-AC24-914F2A207129} = {A33A111D-22DB-4917-AA4E-7FBDBAC021EB}
		{F8388158-730E-4220-91CF-CF6C017A31F9} = {BA96BEAD-E2D6-4A16-85E8-463BC3764C50}
		{D0B84857-3E54-4FEE-8797-7EB0CE0EBDC4} = {2BD298DA-BBC8-46C3-AE1B-A460B5886CF4}
		{249984A6-414A-4F03-8BC5-34E32801849B} = {2BD298DA-BBC8-46C3-AE1B-A460B5886CF4}
		{3D400F8F-2A86-445C-BFF2-0E150FC59701} = {A33A111D-22DB-4917-AA4E-7FBDBAC021EB}
		{7067AB60-FC02-4B97-A402-360CD31076EE} = {A33A111D-22DB-4917-AA4E-7FBDBAC021EB}
		{0B236038-6263-4D07-AC1B-4EFAEF14C0BC} = {80C9DFB9-728F-4DE2-99FC-E0BFF6AF605B}
		{776F9151-587A-4429-863E-0AB54DD27568} = {2BD298DA-BBC8-46C3-AE1B-A460B5886CF4}
		{CE26EA83-B389-4654-A14E-422F9794BFE8} = {DAE7D803-ED65-4551-A2A5-109B76F2D0C8}
		{1F4B7ED9-993E-4209-A69F-7A31ADC904A2} = {2BD298DA-BBC8-46C3-AE1B-A460B5886CF4}
		{03899BE0-2033-439F-84B7-1A4F847706AE} = {DAE7D803-ED65-4551-A2A5-109B76F2D0C8}
		{55DE7E67-9FA0-4258-A210-989299673440} = {2BD298DA-BBC8-46C3-AE1B-A460B5886CF4}
		{B0E10187-4F11-6A23-C854-7E8F90012A3B} = {DAE7D803-ED65-4551-A2A5-109B76F2D0C8}
		{C1F21298-5012-7B34-D965-8F9001234C5D} = {2BD298DA-BBC8-46C3-AE1B-A460B5886CF4}
		{D2030309-6123-8C45-EA76-9001234D6E7F} = {DAE7D803-ED65-4551-A2A5-109B76F2D0C8}
		{E314040A-7234-9D56-FB87-0112345E7F80} = {2BD298DA-BBC8-46C3-AE1B-A460B5886CF4}
		{A4B5C6D7-E8F9-0A1B-C2D3-E4F567890A1B} = {DAE7D803-ED65-4551-A2A5-109B76F2D0C8}
		{B5C6D7E8-F9A0-1B2C-D3E4-F5A678901B2C} = {2BD298DA-BBC8-46C3-AE1B-A460B5886CF4}
		{38869F50-2789-E211-4FDC-5667890F2435} = {DAE7D803-ED65-4551-A2A5-109B76F2D0C8}
		{49970061-3890-F322-50ED-6778901F3546} = {2BD298DA-BBC8-46C3-AE1B-A460B5886CF4}
		{59981172-4901-0433-61FE-7889012F4657} = {DAE7D803-ED65-4551-A2A5-109B76F2D0C8}
		{69092283-5012-1544-72AF-8990123F5768} = {2BD298DA-BBC8-46C3-AE1B-A460B5886CF4}
		{36E963A1-9787-4DED-9F92-114840C9C470} = {DAE7D803-ED65-4551-A2A5-109B76F2D0C8}
		{95E0E2AA-E9F2-44EB-B434-0AA5A631BF33} = {DAE7D803-ED65-4551-A2A5-109B76F2D0C8}
		{71C4E379-C4CC-466E-8C03-12C1A56FBC7F} = {DAE7D803-ED65-4551-A2A5-109B76F2D0C8}
		{A24F60E0-7D7A-49CB-A225-253DA946BD1D} = {2BD298DA-BBC8-46C3-AE1B-A460B5886CF4}
		{92A38B94-A300-412A-8783-B7F108A2A614} = {2BD298DA-BBC8-46C3-AE1B-A460B5886CF4}
		{61CEA174-CB0C-4F1D-8798-B71DF5CC2894} = {2BD298DA-BBC8-46C3-AE1B-A460B5886CF4}
		{0F2C044B-CABA-4B61-A01E-67014E23012E} = {DAE7D803-ED65-4551-A2A5-109B76F2D0C8}
		{15D81E9E-99A0-49D1-B7D4-1DFB41461A33} = {DAE7D803-ED65-4551-A2A5-109B76F2D0C8}
		{851FC279-6DE3-438E-8095-4337262F0169} = {2BD298DA-BBC8-46C3-AE1B-A460B5886CF4}
		{87D68AD9-522D-48C3-A012-F3A49B41FE17} = {2BD298DA-BBC8-46C3-AE1B-A460B5886CF4}
		{D59C8E39-D19B-4857-86D2-BDCAA7914DF9} = {DAE7D803-ED65-4551-A2A5-109B76F2D0C8}
		{472AC540-C97A-4AF7-8B7D-C8EF6DF4616E} = {DAE7D803-ED65-4551-A2A5-109B76F2D0C8}
		{A158C877-89A9-4E38-B8B1-707F57DEB91B} = {2BD298DA-BBC8-46C3-AE1B-A460B5886CF4}
		{2DB1EA4D-EDBD-4391-BFCA-BFB2325E5CD7} = {2BD298DA-BBC8-46C3-AE1B-A460B5886CF4}
	EndGlobalSection
EndGlobal
